# This file is automatically @generated by Cargo.
# It is not intended for manual editing.
version = 4

[[package]]
name = "ansi_term"
version = "0.12.1"
source = "registry+https://github.com/rust-lang/crates.io-index"
checksum = "d52a9bb7ec0cf484c551830a7ce27bd20d67eac647e1befb56b0be4ee39a55d2"
dependencies = [
 "winapi 0.3.8",
]

[[package]]
name = "arrayvec"
version = "0.4.12"
source = "registry+https://github.com/rust-lang/crates.io-index"
checksum = "cd9fd44efafa8690358b7408d253adf110036b88f55672a933f01d616ad9b1b9"
dependencies = [
 "nodrop",
]

[[package]]
name = "ascii"
version = "0.8.7"
source = "registry+https://github.com/rust-lang/crates.io-index"
checksum = "97be891acc47ca214468e09425d02cef3af2c94d0d82081cd02061f996802f14"

[[package]]
name = "atty"
version = "0.2.14"
source = "registry+https://github.com/rust-lang/crates.io-index"
checksum = "d9b39be18770d11421cdb1b9947a45dd3f37e93092cbf377614828a319d5fee8"
dependencies = [
 "hermit-abi",
 "libc",
 "winapi 0.3.8",
]

[[package]]
name = "autocfg"
version = "0.1.6"
source = "registry+https://github.com/rust-lang/crates.io-index"
checksum = "b671c8fb71b457dd4ae18c4ba1e59aa81793daacc361d82fcd410cef0d491875"

[[package]]
name = "bincode"
version = "1.2.0"
source = "registry+https://github.com/rust-lang/crates.io-index"
checksum = "b8ab639324e3ee8774d296864fbc0dbbb256cf1a41c490b94cba90c082915f92"
dependencies = [
 "autocfg",
 "byteorder",
 "serde",
]

[[package]]
name = "bitcoin"
version = "0.1.0"
dependencies = [
 "bincode",
 "clap",
 "crossbeam",
 "hex",
 "hex-literal",
 "log",
 "mio",
 "mio-extras",
 "net2",
 "rand",
 "ring",
 "serde",
 "serde_json",
 "slab",
 "stderrlog",
 "tiny_http",
 "url 2.5.4",
]

[[package]]
name = "bitflags"
version = "1.2.0"
source = "registry+https://github.com/rust-lang/crates.io-index"
checksum = "8a606a02debe2813760609f57a64a2ffd27d9fdf5b2f133eaca0b248dd92cdd2"

[[package]]
name = "byteorder"
version = "1.3.2"
source = "registry+https://github.com/rust-lang/crates.io-index"
checksum = "a7c3dd8985a7111efc5c80b44e23ecdd8c007de8ade3b96595387e812b957cf5"

[[package]]
name = "cc"
version = "1.2.19"
source = "registry+https://github.com/rust-lang/crates.io-index"
checksum = "8e3a13707ac958681c13b39b458c073d0d9bc8a22cb1b2f4c8e55eb72c13f362"
dependencies = [
 "shlex",
]

[[package]]
name = "cfg-if"
version = "0.1.10"
source = "registry+https://github.com/rust-lang/crates.io-index"
checksum = "4785bdd1c96b2a846b2bd7cc02e86b6b3dbf14e7e53446c4f54c92a361040822"

[[package]]
name = "cfg-if"
version = "1.0.0"
source = "registry+https://github.com/rust-lang/crates.io-index"
checksum = "baf1de4339761588bc0619e3cbc0120ee582ebb74b53b4efbf79117bd2da40fd"

[[package]]
name = "chrono"
version = "0.4.9"
source = "registry+https://github.com/rust-lang/crates.io-index"
checksum = "e8493056968583b0193c1bb04d6f7684586f3726992d6c573261941a895dbd68"
dependencies = [
 "libc",
 "num-integer",
 "num-traits",
 "time",
]

[[package]]
name = "chunked_transfer"
version = "0.3.1"
source = "registry+https://github.com/rust-lang/crates.io-index"
checksum = "498d20a7aaf62625b9bf26e637cf7736417cde1d0c99f1d04d1170229a85cf87"

[[package]]
name = "clap"
version = "2.34.0"
source = "registry+https://github.com/rust-lang/crates.io-index"
checksum = "a0610544180c38b88101fecf2dd634b174a62eef6946f84dfc6a7127512b381c"
dependencies = [
 "ansi_term",
 "atty",
 "bitflags",
 "strsim",
 "term_size",
 "textwrap",
 "unicode-width",
 "vec_map",
]

[[package]]
name = "cloudabi"
version = "0.0.3"
source = "registry+https://github.com/rust-lang/crates.io-index"
checksum = "ddfc5b9aa5d4507acaf872de71051dfd0e309860e88966e1051e462a077aac4f"
dependencies = [
 "bitflags",
]

[[package]]
name = "crossbeam"
version = "0.7.2"
source = "registry+https://github.com/rust-lang/crates.io-index"
checksum = "2d818a4990769aac0c7ff1360e233ef3a41adcb009ebb2036bf6915eb0f6b23c"
dependencies = [
 "cfg-if 0.1.10",
 "crossbeam-channel",
 "crossbeam-deque",
 "crossbeam-epoch",
 "crossbeam-queue",
 "crossbeam-utils",
]

[[package]]
name = "crossbeam-channel"
version = "0.3.9"
source = "registry+https://github.com/rust-lang/crates.io-index"
checksum = "c8ec7fcd21571dc78f96cc96243cab8d8f035247c3efd16c687be154c3fa9efa"
dependencies = [
 "crossbeam-utils",
]

[[package]]
name = "crossbeam-deque"
version = "0.7.1"
source = "registry+https://github.com/rust-lang/crates.io-index"
checksum = "b18cd2e169ad86297e6bc0ad9aa679aee9daa4f19e8163860faf7c164e4f5a71"
dependencies = [
 "crossbeam-epoch",
 "crossbeam-utils",
]

[[package]]
name = "crossbeam-epoch"
version = "0.7.2"
source = "registry+https://github.com/rust-lang/crates.io-index"
checksum = "fedcd6772e37f3da2a9af9bf12ebe046c0dfe657992377b4df982a2b54cd37a9"
dependencies = [
 "arrayvec",
 "cfg-if 0.1.10",
 "crossbeam-utils",
 "lazy_static",
 "memoffset",
 "scopeguard",
]

[[package]]
name = "crossbeam-queue"
version = "0.1.2"
source = "registry+https://github.com/rust-lang/crates.io-index"
checksum = "7c979cd6cfe72335896575c6b5688da489e420d36a27a0b9eb0c73db574b4a4b"
dependencies = [
 "crossbeam-utils",
]

[[package]]
name = "crossbeam-utils"
version = "0.6.6"
source = "registry+https://github.com/rust-lang/crates.io-index"
checksum = "04973fa96e96579258a5091af6003abde64af786b860f18622b82e026cca60e6"
dependencies = [
 "cfg-if 0.1.10",
 "lazy_static",
]

[[package]]
name = "displaydoc"
version = "0.2.5"
source = "registry+https://github.com/rust-lang/crates.io-index"
checksum = "97369cbbc041bc366949bc74d34658d6cda5621039731c6310521892a3a20ae0"
dependencies = [
 "proc-macro2",
 "quote",
 "syn",
]

[[package]]
name = "form_urlencoded"
version = "1.2.1"
source = "registry+https://github.com/rust-lang/crates.io-index"
checksum = "e13624c2627564efccf4934284bdd98cbaa14e79b0b5a141218e507b3a823456"
dependencies = [
 "percent-encoding 2.3.1",
]

[[package]]
name = "fuchsia-cprng"
version = "0.1.1"
source = "registry+https://github.com/rust-lang/crates.io-index"
checksum = "a06f77d526c1a601b7c4cdd98f54b5eaabffc14d5f2f0296febdc7f357c6d3ba"

[[package]]
name = "fuchsia-zircon"
version = "0.3.3"
source = "registry+https://github.com/rust-lang/crates.io-index"
checksum = "2e9763c69ebaae630ba35f74888db465e49e259ba1bc0eda7d06f4a067615d82"
dependencies = [
 "bitflags",
 "fuchsia-zircon-sys",
]

[[package]]
name = "fuchsia-zircon-sys"
version = "0.3.3"
source = "registry+https://github.com/rust-lang/crates.io-index"
checksum = "3dcaa9ae7725d12cdb85b3ad99a434db70b468c09ded17e012d86b5c1010f7a7"

[[package]]
name = "getrandom"
version = "0.2.15"
source = "registry+https://github.com/rust-lang/crates.io-index"
checksum = "c4567c8db10ae91089c99af84c68c38da3ec2f087c3f82960bcdbf3656b6f4d7"
dependencies = [
 "cfg-if 1.0.0",
 "libc",
 "wasi",
]

[[package]]
name = "hermit-abi"
version = "0.1.19"
source = "registry+https://github.com/rust-lang/crates.io-index"
checksum = "62b467343b94ba476dcb2500d242dadbb39557df889310ac77c5d99100aaac33"
dependencies = [
 "libc",
]

[[package]]
name = "hex"
version = "0.4.0"
source = "registry+https://github.com/rust-lang/crates.io-index"
checksum = "023b39be39e3a2da62a94feb433e91e8bcd37676fbc8bea371daf52b7a769a3e"

[[package]]
name = "hex-literal"
version = "0.2.2"
source = "registry+https://github.com/rust-lang/crates.io-index"
checksum = "d70693199b3cf4552f3fa720b54163927a3ebed2aef240efaf556033ab336a11"
dependencies = [
 "hex-literal-impl",
 "proc-macro-hack",
]

[[package]]
name = "hex-literal-impl"
version = "0.2.3"
source = "registry+https://github.com/rust-lang/crates.io-index"
checksum = "59448fc2f82a5fb6907f78c3d69d843e82ff5b051923313cc4438cb0c7b745a8"
dependencies = [
 "proc-macro-hack",
]

[[package]]
name = "icu_collections"
version = "2.0.0"
source = "registry+https://github.com/rust-lang/crates.io-index"
checksum = "200072f5d0e3614556f94a9930d5dc3e0662a652823904c3a75dc3b0af7fee47"
dependencies = [
 "displaydoc",
 "potential_utf",
 "yoke",
 "zerofrom",
 "zerovec",
]

[[package]]
name = "icu_locale_core"
version = "2.0.0"
source = "registry+https://github.com/rust-lang/crates.io-index"
checksum = "0cde2700ccaed3872079a65fb1a78f6c0a36c91570f28755dda67bc8f7d9f00a"
dependencies = [
 "displaydoc",
 "litemap",
 "tinystr",
 "writeable",
 "zerovec",
]

[[package]]
name = "icu_normalizer"
version = "2.0.0"
source = "registry+https://github.com/rust-lang/crates.io-index"
checksum = "436880e8e18df4d7bbc06d58432329d6458cc84531f7ac5f024e93deadb37979"
dependencies = [
 "displaydoc",
 "icu_collections",
 "icu_normalizer_data",
 "icu_properties",
 "icu_provider",
 "smallvec",
 "zerovec",
]

[[package]]
name = "icu_normalizer_data"
version = "2.0.0"
source = "registry+https://github.com/rust-lang/crates.io-index"
checksum = "00210d6893afc98edb752b664b8890f0ef174c8adbb8d0be9710fa66fbbf72d3"

[[package]]
name = "icu_properties"
version = "2.0.0"
source = "registry+https://github.com/rust-lang/crates.io-index"
checksum = "2549ca8c7241c82f59c80ba2a6f415d931c5b58d24fb8412caa1a1f02c49139a"
dependencies = [
 "displaydoc",
 "icu_collections",
 "icu_locale_core",
 "icu_properties_data",
 "icu_provider",
 "potential_utf",
 "zerotrie",
 "zerovec",
]

[[package]]
name = "icu_properties_data"
version = "2.0.0"
source = "registry+https://github.com/rust-lang/crates.io-index"
checksum = "8197e866e47b68f8f7d95249e172903bec06004b18b2937f1095d40a0c57de04"

[[package]]
name = "icu_provider"
version = "2.0.0"
source = "registry+https://github.com/rust-lang/crates.io-index"
checksum = "03c80da27b5f4187909049ee2d72f276f0d9f99a42c306bd0131ecfe04d8e5af"
dependencies = [
 "displaydoc",
 "icu_locale_core",
 "stable_deref_trait",
 "tinystr",
 "writeable",
 "yoke",
 "zerofrom",
 "zerotrie",
 "zerovec",
]

[[package]]
name = "idna"
version = "0.1.5"
source = "registry+https://github.com/rust-lang/crates.io-index"
checksum = "38f09e0f0b1fb55fdee1f17470ad800da77af5186a1a76c026b679358b7e844e"
dependencies = [
 "matches",
 "unicode-bidi",
 "unicode-normalization",
]

[[package]]
name = "idna"
version = "1.0.3"
source = "registry+https://github.com/rust-lang/crates.io-index"
checksum = "686f825264d630750a544639377bae737628043f20d38bbc029e8f29ea968a7e"
dependencies = [
 "idna_adapter",
 "smallvec",
 "utf8_iter",
]

[[package]]
name = "idna_adapter"
version = "1.2.1"
source = "registry+https://github.com/rust-lang/crates.io-index"
checksum = "3acae9609540aa318d1bc588455225fb2085b9ed0c4f6bd0d9d5bcd86f1a0344"
dependencies = [
 "icu_normalizer",
 "icu_properties",
]

[[package]]
name = "iovec"
version = "0.1.4"
source = "registry+https://github.com/rust-lang/crates.io-index"
checksum = "b2b3ea6ff95e175473f8ffe6a7eb7c00d054240321b84c57051175fe3c1e075e"
dependencies = [
 "libc",
]

[[package]]
name = "itoa"
version = "0.4.4"
source = "registry+https://github.com/rust-lang/crates.io-index"
checksum = "501266b7edd0174f8530248f87f99c88fbe60ca4ef3dd486835b8d8d53136f7f"

[[package]]
name = "kernel32-sys"
version = "0.2.2"
source = "registry+https://github.com/rust-lang/crates.io-index"
checksum = "7507624b29483431c0ba2d82aece8ca6cdba9382bff4ddd0f7490560c056098d"
dependencies = [
 "winapi 0.2.8",
 "winapi-build",
]

[[package]]
name = "lazy_static"
version = "1.4.0"
source = "registry+https://github.com/rust-lang/crates.io-index"
checksum = "e2abad23fbc42b3700f2f279844dc832adb2b2eb069b2df918f455c4e18cc646"

[[package]]
name = "lazycell"
version = "1.2.1"
source = "registry+https://github.com/rust-lang/crates.io-index"
checksum = "b294d6fa9ee409a054354afc4352b0b9ef7ca222c69b8812cbea9e7d2bf3783f"

[[package]]
name = "libc"
version = "0.2.172"
source = "registry+https://github.com/rust-lang/crates.io-index"
checksum = "d750af042f7ef4f724306de029d18836c26c1765a54a6a3f094cbd23a7267ffa"

[[package]]
name = "litemap"
version = "0.8.0"
source = "registry+https://github.com/rust-lang/crates.io-index"
checksum = "241eaef5fd12c88705a01fc1066c48c4b36e0dd4377dcdc7ec3942cea7a69956"

[[package]]
name = "log"
version = "0.4.27"
source = "registry+https://github.com/rust-lang/crates.io-index"
checksum = "13dc2df351e3202783a1fe0d44375f7295ffb4049267b0f3018346dc122a1d94"

[[package]]
name = "matches"
version = "0.1.10"
source = "registry+https://github.com/rust-lang/crates.io-index"
checksum = "2532096657941c2fea9c289d370a250971c689d4f143798ff67113ec042024a5"

[[package]]
name = "memoffset"
version = "0.5.1"
source = "registry+https://github.com/rust-lang/crates.io-index"
checksum = "ce6075db033bbbb7ee5a0bbd3a3186bbae616f57fb001c485c7ff77955f8177f"
dependencies = [
 "rustc_version",
]

[[package]]
name = "mio"
version = "0.6.19"
source = "registry+https://github.com/rust-lang/crates.io-index"
checksum = "83f51996a3ed004ef184e16818edc51fadffe8e7ca68be67f9dee67d84d0ff23"
dependencies = [
 "fuchsia-zircon",
 "fuchsia-zircon-sys",
 "iovec",
 "kernel32-sys",
 "libc",
 "log",
 "miow",
 "net2",
 "slab",
 "winapi 0.2.8",
]

[[package]]
name = "mio-extras"
version = "2.0.5"
source = "registry+https://github.com/rust-lang/crates.io-index"
checksum = "46e73a04c2fa6250b8d802134d56d554a9ec2922bf977777c805ea5def61ce40"
dependencies = [
 "lazycell",
 "log",
 "mio",
 "slab",
]

[[package]]
name = "miow"
version = "0.2.1"
source = "registry+https://github.com/rust-lang/crates.io-index"
checksum = "8c1f2f3b1cf331de6896aabf6e9d55dca90356cc9960cca7eaaf408a355ae919"
dependencies = [
 "kernel32-sys",
 "net2",
 "winapi 0.2.8",
 "ws2_32-sys",
]

[[package]]
name = "net2"
version = "0.2.38"
source = "registry+https://github.com/rust-lang/crates.io-index"
checksum = "74d0df99cfcd2530b2e694f6e17e7f37b8e26bb23983ac530c0c97408837c631"
dependencies = [
 "cfg-if 0.1.10",
 "libc",
 "winapi 0.3.8",
]

[[package]]
name = "nodrop"
version = "0.1.14"
source = "registry+https://github.com/rust-lang/crates.io-index"
checksum = "72ef4a56884ca558e5ddb05a1d1e7e1bfd9a68d9ed024c21704cc98872dae1bb"

[[package]]
name = "num-integer"
version = "0.1.41"
source = "registry+https://github.com/rust-lang/crates.io-index"
checksum = "b85e541ef8255f6cf42bbfe4ef361305c6c135d10919ecc26126c4e5ae94bc09"
dependencies = [
 "autocfg",
 "num-traits",
]

[[package]]
name = "num-traits"
version = "0.2.8"
source = "registry+https://github.com/rust-lang/crates.io-index"
checksum = "6ba9a427cfca2be13aa6f6403b0b7e7368fe982bfa16fccc450ce74c46cd9b32"
dependencies = [
 "autocfg",
]

[[package]]
name = "percent-encoding"
version = "1.0.1"
source = "registry+https://github.com/rust-lang/crates.io-index"
checksum = "31010dd2e1ac33d5b46a5b413495239882813e0369f8ed8a5e266f173602f831"

[[package]]
name = "percent-encoding"
version = "2.3.1"
source = "registry+https://github.com/rust-lang/crates.io-index"
checksum = "e3148f5046208a5d56bcfc03053e3ca6334e51da8dfb19b6cdc8b306fae3283e"

[[package]]
name = "potential_utf"
version = "0.1.2"
source = "registry+https://github.com/rust-lang/crates.io-index"
checksum = "e5a7c30837279ca13e7c867e9e40053bc68740f988cb07f7ca6df43cc734b585"
dependencies = [
 "zerovec",
]

[[package]]
name = "proc-macro-hack"
version = "0.5.20+deprecated"
source = "registry+https://github.com/rust-lang/crates.io-index"
checksum = "dc375e1527247fe1a97d8b7156678dfe7c1af2fc075c9a4db3690ecd2a148068"

[[package]]
name = "proc-macro2"
version = "1.0.95"
source = "registry+https://github.com/rust-lang/crates.io-index"
checksum = "02b3e5e68a3a1a02aad3ec490a98007cbc13c37cbe84a3cd7b8e406d76e7f778"
dependencies = [
 "unicode-ident",
]

[[package]]
name = "quote"
version = "1.0.40"
source = "registry+https://github.com/rust-lang/crates.io-index"
checksum = "1885c039570dc00dcb4ff087a89e185fd56bae234ddc7f056a945bf36467248d"
dependencies = [
 "proc-macro2",
]

[[package]]
name = "rand"
version = "0.6.5"
source = "registry+https://github.com/rust-lang/crates.io-index"
checksum = "6d71dacdc3c88c1fde3885a3be3fbab9f35724e6ce99467f7d9c5026132184ca"
dependencies = [
 "autocfg",
 "libc",
 "rand_chacha",
 "rand_core 0.4.2",
 "rand_hc",
 "rand_isaac",
 "rand_jitter",
 "rand_os",
 "rand_pcg",
 "rand_xorshift",
 "winapi 0.3.8",
]

[[package]]
name = "rand_chacha"
version = "0.1.1"
source = "registry+https://github.com/rust-lang/crates.io-index"
checksum = "556d3a1ca6600bfcbab7c7c91ccb085ac7fbbcd70e008a98742e7847f4f7bcef"
dependencies = [
 "autocfg",
 "rand_core 0.3.1",
]

[[package]]
name = "rand_core"
version = "0.3.1"
source = "registry+https://github.com/rust-lang/crates.io-index"
checksum = "7a6fdeb83b075e8266dcc8762c22776f6877a63111121f5f8c7411e5be7eed4b"
dependencies = [
 "rand_core 0.4.2",
]

[[package]]
name = "rand_core"
version = "0.4.2"
source = "registry+https://github.com/rust-lang/crates.io-index"
checksum = "9c33a3c44ca05fa6f1807d8e6743f3824e8509beca625669633be0acbdf509dc"

[[package]]
name = "rand_hc"
version = "0.1.0"
source = "registry+https://github.com/rust-lang/crates.io-index"
checksum = "7b40677c7be09ae76218dc623efbf7b18e34bced3f38883af07bb75630a21bc4"
dependencies = [
 "rand_core 0.3.1",
]

[[package]]
name = "rand_isaac"
version = "0.1.1"
source = "registry+https://github.com/rust-lang/crates.io-index"
checksum = "ded997c9d5f13925be2a6fd7e66bf1872597f759fd9dd93513dd7e92e5a5ee08"
dependencies = [
 "rand_core 0.3.1",
]

[[package]]
name = "rand_jitter"
version = "0.1.4"
source = "registry+https://github.com/rust-lang/crates.io-index"
checksum = "1166d5c91dc97b88d1decc3285bb0a99ed84b05cfd0bc2341bdf2d43fc41e39b"
dependencies = [
 "libc",
 "rand_core 0.4.2",
 "winapi 0.3.8",
]

[[package]]
name = "rand_os"
version = "0.1.3"
source = "registry+https://github.com/rust-lang/crates.io-index"
checksum = "7b75f676a1e053fc562eafbb47838d67c84801e38fc1ba459e8f180deabd5071"
dependencies = [
 "cloudabi",
 "fuchsia-cprng",
 "libc",
 "rand_core 0.4.2",
 "rdrand",
 "winapi 0.3.8",
]

[[package]]
name = "rand_pcg"
version = "0.1.2"
source = "registry+https://github.com/rust-lang/crates.io-index"
checksum = "abf9b09b01790cfe0364f52bf32995ea3c39f4d2dd011eac241d2914146d0b44"
dependencies = [
 "autocfg",
 "rand_core 0.4.2",
]

[[package]]
name = "rand_xorshift"
version = "0.1.1"
source = "registry+https://github.com/rust-lang/crates.io-index"
checksum = "cbf7e9e623549b0e21f6e97cf8ecf247c1a8fd2e8a992ae265314300b2455d5c"
dependencies = [
 "rand_core 0.3.1",
]

[[package]]
name = "rdrand"
version = "0.4.0"
source = "registry+https://github.com/rust-lang/crates.io-index"
checksum = "678054eb77286b51581ba43620cc911abf02758c91f93f479767aed0f90458b2"
dependencies = [
 "rand_core 0.3.1",
]

[[package]]
name = "redox_syscall"
version = "0.1.56"
source = "registry+https://github.com/rust-lang/crates.io-index"
checksum = "2439c63f3f6139d1b57529d16bc3b8bb855230c8efcc5d3a896c8bea7c3b1e84"

[[package]]
name = "ring"
version = "0.17.14"
source = "registry+https://github.com/rust-lang/crates.io-index"
checksum = "a4689e6c2294d81e88dc6261c768b63bc4fcdb852be6d1352498b114f61383b7"
dependencies = [
 "cc",
 "cfg-if 1.0.0",
 "getrandom",
 "libc",
 "untrusted",
 "windows-sys",
]

[[package]]
name = "rustc_version"
version = "0.2.3"
source = "registry+https://github.com/rust-lang/crates.io-index"
checksum = "138e3e0acb6c9fb258b19b67cb8abd63c00679d2851805ea151465464fe9030a"
dependencies = [
 "semver",
]

[[package]]
name = "ryu"
version = "1.0.2"
source = "registry+https://github.com/rust-lang/crates.io-index"
checksum = "bfa8506c1de11c9c4e4c38863ccbe02a305c8188e85a05a784c9e11e1c3910c8"

[[package]]
name = "scopeguard"
version = "1.2.0"
source = "registry+https://github.com/rust-lang/crates.io-index"
checksum = "94143f37725109f92c262ed2cf5e59bce7498c01bcc1502d7b9afe439a4e9f49"

[[package]]
name = "semver"
version = "0.9.0"
source = "registry+https://github.com/rust-lang/crates.io-index"
checksum = "1d7eb9ef2c18661902cc47e535f9bc51b78acd254da71d375c2f6720d9a40403"
dependencies = [
 "semver-parser",
]

[[package]]
name = "semver-parser"
version = "0.7.0"
source = "registry+https://github.com/rust-lang/crates.io-index"
checksum = "388a1df253eca08550bef6c72392cfe7c30914bf41df5269b68cbd6ff8f570a3"

[[package]]
name = "serde"
version = "1.0.219"
source = "registry+https://github.com/rust-lang/crates.io-index"
checksum = "5f0e2c6ed6606019b4e29e69dbaba95b11854410e5347d525002456dbbb786b6"
dependencies = [
 "serde_derive",
]

[[package]]
name = "serde_derive"
version = "1.0.219"
source = "registry+https://github.com/rust-lang/crates.io-index"
checksum = "5b0276cf7f2c73365f7157c8123c21cd9a50fbbd844757af28ca1f5925fc2a00"
dependencies = [
 "proc-macro2",
 "quote",
 "syn",
]

[[package]]
name = "serde_json"
version = "1.0.44"
source = "registry+https://github.com/rust-lang/crates.io-index"
checksum = "48c575e0cc52bdd09b47f330f646cf59afc586e9c4e3ccd6fc1f625b8ea1dad7"
dependencies = [
 "itoa",
 "ryu",
 "serde",
]

[[package]]
name = "shlex"
version = "1.3.0"
source = "registry+https://github.com/rust-lang/crates.io-index"
checksum = "0fda2ff0d084019ba4d7c6f371c95d8fd75ce3524c3cb8fb653a3023f6323e64"

[[package]]
name = "slab"
version = "0.4.2"
source = "registry+https://github.com/rust-lang/crates.io-index"
checksum = "c111b5bd5695e56cffe5129854aa230b39c93a305372fdbb2668ca2394eea9f8"

[[package]]
name = "smallvec"
version = "1.15.0"
source = "registry+https://github.com/rust-lang/crates.io-index"
checksum = "8917285742e9f3e1683f0a9c4e6b57960b7314d0b08d30d1ecd426713ee2eee9"

[[package]]
name = "stable_deref_trait"
version = "1.2.0"
source = "registry+https://github.com/rust-lang/crates.io-index"
checksum = "a8f112729512f8e442d81f95a8a7ddf2b7c6b8a1a6f509a95864142b30cab2d3"

[[package]]
name = "stderrlog"
version = "0.4.1"
source = "registry+https://github.com/rust-lang/crates.io-index"
checksum = "61dc66b7ae72b65636dbf36326f9638fb3ba27871bb737a62e2c309b87d91b70"
dependencies = [
 "chrono",
 "log",
 "termcolor",
 "thread_local",
]

[[package]]
name = "strsim"
version = "0.8.0"
source = "registry+https://github.com/rust-lang/crates.io-index"
checksum = "8ea5119cdb4c55b55d432abb513a0429384878c15dde60cc77b1c99de1a95a6a"

[[package]]
name = "syn"
version = "2.0.101"
source = "registry+https://github.com/rust-lang/crates.io-index"
checksum = "8ce2b7fc941b3a24138a0a7cf8e858bfc6a992e7978a068a5c760deb0ed43caf"
dependencies = [
 "proc-macro2",
 "quote",
 "unicode-ident",
]

[[package]]
name = "synstructure"
version = "0.13.2"
source = "registry+https://github.com/rust-lang/crates.io-index"
checksum = "728a70f3dbaf5bab7f0c4b1ac8d7ae5ea60a4b5549c8a5914361c99147a709d2"
dependencies = [
 "proc-macro2",
 "quote",
 "syn",
]

[[package]]
name = "term_size"
version = "0.3.2"
source = "registry+https://github.com/rust-lang/crates.io-index"
checksum = "1e4129646ca0ed8f45d09b929036bafad5377103edd06e50bf574b353d2b08d9"
dependencies = [
 "libc",
 "winapi 0.3.8",
]

[[package]]
name = "termcolor"
version = "0.3.6"
source = "registry+https://github.com/rust-lang/crates.io-index"
checksum = "adc4587ead41bf016f11af03e55a624c06568b5a19db4e90fde573d805074f83"
dependencies = [
 "wincolor",
]

[[package]]
name = "textwrap"
version = "0.11.0"
source = "registry+https://github.com/rust-lang/crates.io-index"
checksum = "d326610f408c7a4eb6f51c37c330e496b08506c9457c9d34287ecc38809fb060"
dependencies = [
 "term_size",
 "unicode-width",
]

[[package]]
name = "thread_local"
version = "0.3.6"
source = "registry+https://github.com/rust-lang/crates.io-index"
checksum = "c6b53e329000edc2b34dbe8545fd20e55a333362d0a321909685a19bd28c3f1b"
dependencies = [
 "lazy_static",
]

[[package]]
name = "time"
version = "0.1.42"
source = "registry+https://github.com/rust-lang/crates.io-index"
checksum = "db8dcfca086c1143c9270ac42a2bbd8a7ee477b78ac8e45b19abfb0cbede4b6f"
dependencies = [
 "libc",
 "redox_syscall",
 "winapi 0.3.8",
]

[[package]]
name = "tiny_http"
version = "0.6.4"
source = "registry+https://github.com/rust-lang/crates.io-index"
checksum = "2e22cb179b63e5fc2d0b5be237dc107da072e2407809ac70a8ce85b93fe8f562"
dependencies = [
 "ascii",
 "chrono",
 "chunked_transfer",
 "log",
 "url 1.7.2",
]

[[package]]
name = "tinystr"
version = "0.8.1"
source = "registry+https://github.com/rust-lang/crates.io-index"
checksum = "5d4f6d1145dcb577acf783d4e601bc1d76a13337bb54e6233add580b07344c8b"
dependencies = [
 "displaydoc",
 "zerovec",
]

[[package]]
name = "tinyvec"
version = "1.9.0"
source = "registry+https://github.com/rust-lang/crates.io-index"
checksum = "09b3661f17e86524eccd4371ab0429194e0d7c008abb45f7a7495b1719463c71"
dependencies = [
 "tinyvec_macros",
]

[[package]]
name = "tinyvec_macros"
version = "0.1.1"
source = "registry+https://github.com/rust-lang/crates.io-index"
checksum = "1f3ccbac311fea05f86f61904b462b55fb3df8837a366dfc601a0161d0532f20"

[[package]]
name = "unicode-bidi"
version = "0.3.18"
source = "registry+https://github.com/rust-lang/crates.io-index"
checksum = "5c1cb5db39152898a79168971543b1cb5020dff7fe43c8dc468b0885f5e29df5"

[[package]]
name = "unicode-ident"
version = "1.0.18"
source = "registry+https://github.com/rust-lang/crates.io-index"
checksum = "5a5f39404a5da50712a4c1eecf25e90dd62b613502b7e925fd4e4d19b5c96512"

[[package]]
name = "unicode-normalization"
version = "0.1.24"
source = "registry+https://github.com/rust-lang/crates.io-index"
checksum = "5033c97c4262335cded6d6fc3e5c18ab755e1a3dc96376350f3d8e9f009ad956"
dependencies = [
 "tinyvec",
]

[[package]]
name = "unicode-width"
version = "0.1.14"
source = "registry+https://github.com/rust-lang/crates.io-index"
checksum = "7dd6e30e90baa6f72411720665d41d89b9a3d039dc45b8faea1ddd07f617f6af"

[[package]]
name = "untrusted"
version = "0.9.0"
source = "registry+https://github.com/rust-lang/crates.io-index"
checksum = "8ecb6da28b8a351d773b68d5825ac39017e680750f980f3a1a85cd8dd28a47c1"

[[package]]
name = "url"
version = "1.7.2"
source = "registry+https://github.com/rust-lang/crates.io-index"
checksum = "dd4e7c0d531266369519a4aa4f399d748bd37043b00bde1e4ff1f60a120b355a"
dependencies = [
 "idna 0.1.5",
 "matches",
 "percent-encoding 1.0.1",
]

[[package]]
name = "url"
version = "2.5.4"
source = "registry+https://github.com/rust-lang/crates.io-index"
checksum = "32f8b686cadd1473f4bd0117a5d28d36b1ade384ea9b5069a1c40aefed7fda60"
dependencies = [
 "form_urlencoded",
 "idna 1.0.3",
 "percent-encoding 2.3.1",
]

[[package]]
name = "utf8_iter"
version = "1.0.4"
source = "registry+https://github.com/rust-lang/crates.io-index"
checksum = "b6c140620e7ffbb22c2dee59cafe6084a59b5ffc27a8859a5f0d494b5d52b6be"

[[package]]
name = "vec_map"
version = "0.8.2"
source = "registry+https://github.com/rust-lang/crates.io-index"
checksum = "f1bddf1187be692e79c5ffeab891132dfb0f236ed36a43c7ed39f1165ee20191"

[[package]]
name = "wasi"
version = "0.11.0+wasi-snapshot-preview1"
source = "registry+https://github.com/rust-lang/crates.io-index"
checksum = "9c8d87e72b64a3b4db28d11ce29237c246188f4f51057d65a7eab63b7987e423"

[[package]]
name = "winapi"
version = "0.2.8"
source = "registry+https://github.com/rust-lang/crates.io-index"
checksum = "167dc9d6949a9b857f3451275e911c3f44255842c1f7a76f33c55103a909087a"

[[package]]
name = "winapi"
version = "0.3.8"
source = "registry+https://github.com/rust-lang/crates.io-index"
checksum = "8093091eeb260906a183e6ae1abdba2ef5ef2257a21801128899c3fc699229c6"
dependencies = [
 "winapi-i686-pc-windows-gnu",
 "winapi-x86_64-pc-windows-gnu",
]

[[package]]
name = "winapi-build"
version = "0.1.1"
source = "registry+https://github.com/rust-lang/crates.io-index"
checksum = "2d315eee3b34aca4797b2da6b13ed88266e6d612562a0c46390af8299fc699bc"

[[package]]
name = "winapi-i686-pc-windows-gnu"
version = "0.4.0"
source = "registry+https://github.com/rust-lang/crates.io-index"
checksum = "ac3b87c63620426dd9b991e5ce0329eff545bccbbb34f3be09ff6fb6ab51b7b6"

[[package]]
name = "winapi-x86_64-pc-windows-gnu"
version = "0.4.0"
source = "registry+https://github.com/rust-lang/crates.io-index"
checksum = "712e227841d057c1ee1cd2fb22fa7e5a5461ae8e48fa2ca79ec42cfc1931183f"

[[package]]
name = "wincolor"
version = "0.1.6"
source = "registry+https://github.com/rust-lang/crates.io-index"
checksum = "eeb06499a3a4d44302791052df005d5232b927ed1a9658146d842165c4de7767"
dependencies = [
 "winapi 0.3.8",
]

[[package]]
name = "windows-sys"
version = "0.52.0"
source = "registry+https://github.com/rust-lang/crates.io-index"
checksum = "282be5f36a8ce781fad8c8ae18fa3f9beff57ec1b52cb3de0789201425d9a33d"
dependencies = [
 "windows-targets",
]

[[package]]
name = "windows-targets"
version = "0.52.6"
source = "registry+https://github.com/rust-lang/crates.io-index"
checksum = "9b724f72796e036ab90c1021d4780d4d3d648aca59e491e6b98e725b84e99973"
dependencies = [
 "windows_aarch64_gnullvm",
 "windows_aarch64_msvc",
 "windows_i686_gnu",
 "windows_i686_gnullvm",
 "windows_i686_msvc",
 "windows_x86_64_gnu",
 "windows_x86_64_gnullvm",
 "windows_x86_64_msvc",
]

[[package]]
name = "windows_aarch64_gnullvm"
version = "0.52.6"
source = "registry+https://github.com/rust-lang/crates.io-index"
checksum = "32a4622180e7a0ec044bb555404c800bc9fd9ec262ec147edd5989ccd0c02cd3"

[[package]]
name = "windows_aarch64_msvc"
version = "0.52.6"
source = "registry+https://github.com/rust-lang/crates.io-index"
checksum = "09ec2a7bb152e2252b53fa7803150007879548bc709c039df7627cabbd05d469"

[[package]]
name = "windows_i686_gnu"
version = "0.52.6"
source = "registry+https://github.com/rust-lang/crates.io-index"
checksum = "8e9b5ad5ab802e97eb8e295ac6720e509ee4c243f69d781394014ebfe8bbfa0b"

[[package]]
name = "windows_i686_gnullvm"
version = "0.52.6"
source = "registry+https://github.com/rust-lang/crates.io-index"
checksum = "0eee52d38c090b3caa76c563b86c3a4bd71ef1a819287c19d586d7334ae8ed66"

[[package]]
name = "windows_i686_msvc"
version = "0.52.6"
source = "registry+https://github.com/rust-lang/crates.io-index"
checksum = "240948bc05c5e7c6dabba28bf89d89ffce3e303022809e73deaefe4f6ec56c66"

[[package]]
name = "windows_x86_64_gnu"
version = "0.52.6"
source = "registry+https://github.com/rust-lang/crates.io-index"
checksum = "147a5c80aabfbf0c7d901cb5895d1de30ef2907eb21fbbab29ca94c5b08b1a78"

[[package]]
name = "windows_x86_64_gnullvm"
version = "0.52.6"
source = "registry+https://github.com/rust-lang/crates.io-index"
checksum = "24d5b23dc417412679681396f2b49f3de8c1473deb516bd34410872eff51ed0d"

[[package]]
name = "windows_x86_64_msvc"
version = "0.52.6"
source = "registry+https://github.com/rust-lang/crates.io-index"
checksum = "589f6da84c646204747d1270a2a5661ea66ed1cced2631d546fdfb155959f9ec"

[[package]]
name = "writeable"
version = "0.6.1"
source = "registry+https://github.com/rust-lang/crates.io-index"
checksum = "ea2f10b9bb0928dfb1b42b65e1f9e36f7f54dbdf08457afefb38afcdec4fa2bb"

[[package]]
name = "ws2_32-sys"
version = "0.2.1"
source = "registry+https://github.com/rust-lang/crates.io-index"
checksum = "d59cefebd0c892fa2dd6de581e937301d8552cb44489cdff035c6187cb63fa5e"
dependencies = [
 "winapi 0.2.8",
 "winapi-build",
]

[[package]]
name = "yoke"
version = "0.8.0"
source = "registry+https://github.com/rust-lang/crates.io-index"
checksum = "5f41bb01b8226ef4bfd589436a297c53d118f65921786300e427be8d487695cc"
dependencies = [
 "serde",
 "stable_deref_trait",
 "yoke-derive",
 "zerofrom",
]

[[package]]
name = "yoke-derive"
version = "0.8.0"
source = "registry+https://github.com/rust-lang/crates.io-index"
checksum = "38da3c9736e16c5d3c8c597a9aaa5d1fa565d0532ae05e27c24aa62fb32c0ab6"
dependencies = [
 "proc-macro2",
 "quote",
 "syn",
 "synstructure",
]

[[package]]
name = "zerofrom"
version = "0.1.6"
source = "registry+https://github.com/rust-lang/crates.io-index"
checksum = "50cc42e0333e05660c3587f3bf9d0478688e15d870fab3346451ce7f8c9fbea5"
dependencies = [
 "zerofrom-derive",
]

[[package]]
name = "zerofrom-derive"
version = "0.1.6"
source = "registry+https://github.com/rust-lang/crates.io-index"
checksum = "d71e5d6e06ab090c67b5e44993ec16b72dcbaabc526db883a360057678b48502"
dependencies = [
 "proc-macro2",
 "quote",
 "syn",
 "synstructure",
]

[[package]]
name = "zerotrie"
version = "0.2.2"
source = "registry+https://github.com/rust-lang/crates.io-index"
checksum = "36f0bbd478583f79edad978b407914f61b2972f5af6fa089686016be8f9af595"
dependencies = [
 "displaydoc",
 "yoke",
 "zerofrom",
]

[[package]]
name = "zerovec"
version = "0.11.2"
source = "registry+https://github.com/rust-lang/crates.io-index"
checksum = "4a05eb080e015ba39cc9e23bbe5e7fb04d5fb040350f99f34e338d5fdd294428"
dependencies = [
 "yoke",
 "zerofrom",
 "zerovec-derive",
]

[[package]]
name = "zerovec-derive"
version = "0.11.1"
source = "registry+https://github.com/rust-lang/crates.io-index"
checksum = "5b96237efa0c878c64bd89c436f661be4e46b2f3eff1ebb976f7ef2321d2f58f"
dependencies = [
 "proc-macro2",
 "quote",
 "syn",
]
